
Microsoft Visual Studio Solution File, Format Version 12.00
# Visual Studio Version 16
VisualStudioVersion = 16.0.29728.190
MinimumVisualStudioVersion = 10.0.40219.1
Project("{FAE04EC0-301F-11D3-BF4B-00C04F79EFBC}") = "Marutamachi", "Marutamachi\Marutamachi.csproj", "{F7E78132-81F3-459C-8B27-C0ABD0F81874}"
EndProject
Project("{FAE04EC0-301F-11D3-BF4B-00C04F79EFBC}") = "PcscSdk", "PcscSdk\PcscSdk.csproj", "{78F7351D-0EB3-49E4-B257-36B7977954F9}"
EndProject
Project("{FAE04EC0-301F-11D3-BF4B-00C04F79EFBC}") = "IccCollection", "IccCollection\IccCollection.csproj", "{7B3E9A5D-A687-48AE-9635-887260FA035B}"
EndProject
Project("{9A19103F-16F7-4668-BE54-9A1E7A4F7556}") = "IccCollection.Core", "IccCollection.Core\IccCollection.Core.csproj", "{9978959A-4847-4117-BF0C-8B4A74616745}"
EndProject
Global
	GlobalSection(SolutionConfigurationPlatforms) = preSolution
		Debug|Any CPU = Debug|Any CPU
		Debug|ARM = Debug|ARM
		Debug|ARM64 = Debug|ARM64
		Debug|x64 = Debug|x64
		Debug|x86 = Debug|x86
		Release|Any CPU = Release|Any CPU
		Release|ARM = Release|ARM
		Release|ARM64 = Release|ARM64
		Release|x64 = Release|x64
		Release|x86 = Release|x86
	EndGlobalSection
	GlobalSection(ProjectConfigurationPlatforms) = postSolution
		{F7E78132-81F3-459C-8B27-C0ABD0F81874}.Debug|Any CPU.ActiveCfg = Debug|x86
		{F7E78132-81F3-459C-8B27-C0ABD0F81874}.Debug|ARM.ActiveCfg = Debug|ARM
		{F7E78132-81F3-459C-8B27-C0ABD0F81874}.Debug|ARM.Build.0 = Debug|ARM
		{F7E78132-81F3-459C-8B27-C0ABD0F81874}.Debug|ARM.Deploy.0 = Debug|ARM
		{F7E78132-81F3-459C-8B27-C0ABD0F81874}.Debug|ARM64.ActiveCfg = Debug|x86
		{F7E78132-81F3-459C-8B27-C0ABD0F81874}.Debug|x64.ActiveCfg = Debug|x64
		{F7E78132-81F3-459C-8B27-C0ABD0F81874}.Debug|x64.Build.0 = Debug|x64
		{F7E78132-81F3-459C-8B27-C0ABD0F81874}.Debug|x64.Deploy.0 = Debug|x64
		{F7E78132-81F3-459C-8B27-C0ABD0F81874}.Debug|x86.ActiveCfg = Debug|x86
		{F7E78132-81F3-459C-8B27-C0ABD0F81874}.Debug|x86.Build.0 = Debug|x86
		{F7E78132-81F3-459C-8B27-C0ABD0F81874}.Debug|x86.Deploy.0 = Debug|x86
		{F7E78132-81F3-459C-8B27-C0ABD0F81874}.Release|Any CPU.ActiveCfg = Release|x86
		{F7E78132-81F3-459C-8B27-C0ABD0F81874}.Release|ARM.ActiveCfg = Release|ARM
		{F7E78132-81F3-459C-8B27-C0ABD0F81874}.Release|ARM.Build.0 = Release|ARM
		{F7E78132-81F3-459C-8B27-C0ABD0F81874}.Release|ARM.Deploy.0 = Release|ARM
		{F7E78132-81F3-459C-8B27-C0ABD0F81874}.Release|ARM64.ActiveCfg = Release|x86
		{F7E78132-81F3-459C-8B27-C0ABD0F81874}.Release|x64.ActiveCfg = Release|x64
		{F7E78132-81F3-459C-8B27-C0ABD0F81874}.Release|x64.Build.0 = Release|x64
		{F7E78132-81F3-459C-8B27-C0ABD0F81874}.Release|x64.Deploy.0 = Release|x64
		{F7E78132-81F3-459C-8B27-C0ABD0F81874}.Release|x86.ActiveCfg = Release|x86
		{F7E78132-81F3-459C-8B27-C0ABD0F81874}.Release|x86.Build.0 = Release|x86
		{F7E78132-81F3-459C-8B27-C0ABD0F81874}.Release|x86.Deploy.0 = Release|x86
		{78F7351D-0EB3-49E4-B257-36B7977954F9}.Debug|Any CPU.ActiveCfg = Debug|x86
		{78F7351D-0EB3-49E4-B257-36B7977954F9}.Debug|ARM.ActiveCfg = Debug|ARM
		{78F7351D-0EB3-49E4-B257-36B7977954F9}.Debug|ARM.Build.0 = Debug|ARM
		{78F7351D-0EB3-49E4-B257-36B7977954F9}.Debug|ARM64.ActiveCfg = Debug|x86
		{78F7351D-0EB3-49E4-B257-36B7977954F9}.Debug|x64.ActiveCfg = Debug|x64
		{78F7351D-0EB3-49E4-B257-36B7977954F9}.Debug|x64.Build.0 = Debug|x64
		{78F7351D-0EB3-49E4-B257-36B7977954F9}.Debug|x86.ActiveCfg = Debug|x86
		{78F7351D-0EB3-49E4-B257-36B7977954F9}.Debug|x86.Build.0 = Debug|x86
		{78F7351D-0EB3-49E4-B257-36B7977954F9}.Release|Any CPU.ActiveCfg = Release|x86
		{78F7351D-0EB3-49E4-B257-36B7977954F9}.Release|ARM.ActiveCfg = Release|ARM
		{78F7351D-0EB3-49E4-B257-36B7977954F9}.Release|ARM.Build.0 = Release|ARM
		{78F7351D-0EB3-49E4-B257-36B7977954F9}.Release|ARM64.ActiveCfg = Release|x86
		{78F7351D-0EB3-49E4-B257-36B7977954F9}.Release|x64.ActiveCfg = Release|x64
		{78F7351D-0EB3-49E4-B257-36B7977954F9}.Release|x64.Build.0 = Release|x64
		{78F7351D-0EB3-49E4-B257-36B7977954F9}.Release|x86.ActiveCfg = Release|x86
		{78F7351D-0EB3-49E4-B257-36B7977954F9}.Release|x86.Build.0 = Release|x86
		{7B3E9A5D-A687-48AE-9635-887260FA035B}.Debug|Any CPU.ActiveCfg = Debug|x86
		{7B3E9A5D-A687-48AE-9635-887260FA035B}.Debug|ARM.ActiveCfg = Debug|ARM
		{7B3E9A5D-A687-48AE-9635-887260FA035B}.Debug|ARM.Build.0 = Debug|ARM
		{7B3E9A5D-A687-48AE-9635-887260FA035B}.Debug|ARM.Deploy.0 = Debug|ARM
		{7B3E9A5D-A687-48AE-9635-887260FA035B}.Debug|ARM64.ActiveCfg = Debug|ARM64
		{7B3E9A5D-A687-48AE-9635-887260FA035B}.Debug|ARM64.Build.0 = Debug|ARM64
		{7B3E9A5D-A687-48AE-9635-887260FA035B}.Debug|ARM64.Deploy.0 = Debug|ARM64
		{7B3E9A5D-A687-48AE-9635-887260FA035B}.Debug|x64.ActiveCfg = Debug|x64
		{7B3E9A5D-A687-48AE-9635-887260FA035B}.Debug|x64.Build.0 = Debug|x64
		{7B3E9A5D-A687-48AE-9635-887260FA035B}.Debug|x64.Deploy.0 = Debug|x64
		{7B3E9A5D-A687-48AE-9635-887260FA035B}.Debug|x86.ActiveCfg = Debug|x86
		{7B3E9A5D-A687-48AE-9635-887260FA035B}.Debug|x86.Build.0 = Debug|x86
		{7B3E9A5D-A687-48AE-9635-887260FA035B}.Debug|x86.Deploy.0 = Debug|x86
		{7B3E9A5D-A687-48AE-9635-887260FA035B}.Release|Any CPU.ActiveCfg = Release|x86
		{7B3E9A5D-A687-48AE-9635-887260FA035B}.Release|ARM.ActiveCfg = Release|ARM
		{7B3E9A5D-A687-48AE-9635-887260FA035B}.Release|ARM.Build.0 = Release|ARM
		{7B3E9A5D-A687-48AE-9635-887260FA035B}.Release|ARM.Deploy.0 = Release|ARM
		{7B3E9A5D-A687-48AE-9635-887260FA035B}.Release|ARM64.ActiveCfg = Release|ARM64
		{7B3E9A5D-A687-48AE-9635-887260FA035B}.Release|ARM64.Build.0 = Release|ARM64
		{7B3E9A5D-A687-48AE-9635-887260FA035B}.Release|ARM64.Deploy.0 = Release|ARM64
		{7B3E9A5D-A687-48AE-9635-887260FA035B}.Release|x64.ActiveCfg = Release|x64
		{7B3E9A5D-A687-48AE-9635-887260FA035B}.Release|x64.Build.0 = Release|x64
		{7B3E9A5D-A687-48AE-9635-887260FA035B}.Release|x64.Deploy.0 = Release|x64
		{7B3E9A5D-A687-48AE-9635-887260FA035B}.Release|x86.ActiveCfg = Release|x86
		{7B3E9A5D-A687-48AE-9635-887260FA035B}.Release|x86.Build.0 = Release|x86
		{7B3E9A5D-A687-48AE-9635-887260FA035B}.Release|x86.Deploy.0 = Release|x86
		{9978959A-4847-4117-BF0C-8B4A74616745}.Debug|Any CPU.ActiveCfg = Debug|Any CPU
		{9978959A-4847-4117-BF0C-8B4A74616745}.Debug|Any CPU.Build.0 = Debug|Any CPU
		{9978959A-4847-4117-BF0C-8B4A74616745}.Debug|ARM.ActiveCfg = Debug|Any CPU
		{9978959A-4847-4117-BF0C-8B4A74616745}.Debug|ARM.Build.0 = Debug|Any CPU
		{9978959A-4847-4117-BF0C-8B4A74616745}.Debug|ARM64.ActiveCfg = Debug|Any CPU
		{9978959A-4847-4117-BF0C-8B4A74616745}.Debug|ARM64.Build.0 = Debug|Any CPU
		{9978959A-4847-4117-BF0C-8B4A74616745}.Debug|x64.ActiveCfg = Debug|Any CPU
		{9978959A-4847-4117-BF0C-8B4A74616745}.Debug|x64.Build.0 = Debug|Any CPU
		{9978959A-4847-4117-BF0C-8B4A74616745}.Debug|x86.ActiveCfg = Debug|Any CPU
		{9978959A-4847-4117-BF0C-8B4A74616745}.Debug|x86.Build.0 = Debug|Any CPU
		{9978959A-4847-4117-BF0C-8B4A74616745}.Release|Any CPU.ActiveCfg = Release|Any CPU
		{9978959A-4847-4117-BF0C-8B4A74616745}.Release|Any CPU.Build.0 = Release|Any CPU
		{9978959A-4847-4117-BF0C-8B4A74616745}.Release|ARM.ActiveCfg = Release|Any CPU
		{9978959A-4847-4117-BF0C-8B4A74616745}.Release|ARM.Build.0 = Release|Any CPU
		{9978959A-4847-4117-BF0C-8B4A74616745}.Release|ARM64.ActiveCfg = Release|Any CPU
		{9978959A-4847-4117-BF0C-8B4A74616745}.Release|ARM64.Build.0 = Release|Any CPU
		{9978959A-4847-4117-BF0C-8B4A74616745}.Release|x64.ActiveCfg = Release|Any CPU
		{9978959A-4847-4117-BF0C-8B4A74616745}.Release|x64.Build.0 = Release|Any CPU
		{9978959A-4847-4117-BF0C-8B4A74616745}.Release|x86.ActiveCfg = Release|Any CPU
		{9978959A-4847-4117-BF0C-8B4A74616745}.Release|x86.Build.0 = Release|Any CPU
	EndGlobalSection
	GlobalSection(SolutionProperties) = preSolution
		HideSolutionNode = FALSE
	EndGlobalSection
	GlobalSection(ExtensibilityGlobals) = postSolution
		SolutionGuid = {57C7F103-525B-4650-A700-4BCDB30282BA}
	EndGlobalSection
EndGlobal
